# THIS IS AN AUTOGENERATED FILE. DO NOT EDIT THIS FILE DIRECTLY.
# yarn lockfile v1


robots-parser@^3.0.1:
  version "3.0.1"
  resolved "https://registry.yarnpkg.com/robots-parser/-/robots-parser-3.0.1.tgz#3d8a3cdfa8ac240cbb062a4bd16fcc0e0fb9ed23"
  integrity sha512-s+pyvQeIKIZ0dx5iJiQk1tPLJAWln39+MI5jtM8wnyws+G5azk+dMnMX0qfbqNetKKNgcWWOdi0sfm+FbQbgdQ==
